
Microsoft Visual Studio Solution File, Format Version 12.00
# Visual Studio 15
VisualStudioVersion = 15.0.27428.2037
MinimumVisualStudioVersion = 10.0.40219.1
Project("{888888A0-9F3D-457C-B088-3A5042F75D52}") = "MovieLover", "MovieLover\MovieLover.pyproj", "{89AEF2BC-88AB-40DB-A5B2-0210F7EE74CE}"
EndProject
Global
	GlobalSection(SolutionConfigurationPlatforms) = preSolution
		Debug|Any CPU = Debug|Any CPU
		Release|Any CPU = Release|Any CPU
	EndGlobalSection
	GlobalSection(ProjectConfigurationPlatforms) = postSolution
		{89AEF2BC-88AB-40DB-A5B2-0210F7EE74CE}.Debug|Any CPU.ActiveCfg = Debug|Any CPU
		{89AEF2BC-88AB-40DB-A5B2-0210F7EE74CE}.Debug|Any CPU.Build.0 = Debug|Any CPU
		{89AEF2BC-88AB-40DB-A5B2-0210F7EE74CE}.Release|Any CPU.ActiveCfg = Release|Any CPU
		{89AEF2BC-88AB-40DB-A5B2-0210F7EE74CE}.Release|Any CPU.Build.0 = Release|Any CPU
	EndGlobalSection
	GlobalSection(SolutionProperties) = preSolution
		HideSolutionNode = FALSE
	EndGlobalSection
	GlobalSection(ExtensibilityGlobals) = postSolution
		SolutionGuid = {B55030C1-2E0E-4B46-B458-8ED2D72A374C}
	EndGlobalSection
EndGlobal
